Microsoft Visual Studio Solution File, Format Version 11.00
# Visual Studio 2008

Project("{7E9804AD-4620-781E-3F3B-967497DA0CB5}") = "pin ball", "Assembly-CSharp-firstpass.csproj", "{0A57DC68-A34B-4CD7-70AF-4514D41E91E1}"
EndProject
Project("{7E9804AD-4620-781E-3F3B-967497DA0CB5}") = "pin ball", "Assembly-CSharp.csproj", "{B40E0763-0824-D44B-AB62-8E30FB61D892}"
EndProject
Project("{7E9804AD-4620-781E-3F3B-967497DA0CB5}") = "pin ball", "Assembly-CSharp-Editor.csproj", "{05FFF179-C044-64F7-3105-A1D988BF58CF}"
EndProject
Project("{7E9804AD-4620-781E-3F3B-967497DA0CB5}") = "pin ball", "Assembly-UnityScript-firstpass.unityproj", "{6A10427E-E514-2C23-7F85-967EAE95157D}"
EndProject
Project("{7E9804AD-4620-781E-3F3B-967497DA0CB5}") = "pin ball", "Assembly-UnityScript.unityproj", "{DD9562C7-F298-08AF-DA8E-2AE1523B1CF1}"
EndProject
Project("{7E9804AD-4620-781E-3F3B-967497DA0CB5}") = "pin ball", "Assembly-UnityScript-Editor.unityproj", "{8A1B7C69-BC75-3D7E-8EC3-EB78B4BDFEB5}"
EndProject
Global
	GlobalSection(SolutionConfigurationPlatforms) = preSolution
		Debug|Any CPU = Debug|Any CPU
		Release|Any CPU = Release|Any CPU
	EndGlobalSection
	GlobalSection(ProjectConfigurationPlatforms) = postSolution
		{0A57DC68-A34B-4CD7-70AF-4514D41E91E1}.Debug|Any CPU.ActiveCfg = Debug|Any CPU
		{0A57DC68-A34B-4CD7-70AF-4514D41E91E1}.Debug|Any CPU.Build.0 = Debug|Any CPU
		{0A57DC68-A34B-4CD7-70AF-4514D41E91E1}.Release|Any CPU.ActiveCfg = Release|Any CPU
		{0A57DC68-A34B-4CD7-70AF-4514D41E91E1}.Release|Any CPU.Build.0 = Release|Any CPU
		{B40E0763-0824-D44B-AB62-8E30FB61D892}.Debug|Any CPU.ActiveCfg = Debug|Any CPU
		{B40E0763-0824-D44B-AB62-8E30FB61D892}.Debug|Any CPU.Build.0 = Debug|Any CPU
		{B40E0763-0824-D44B-AB62-8E30FB61D892}.Release|Any CPU.ActiveCfg = Release|Any CPU
		{B40E0763-0824-D44B-AB62-8E30FB61D892}.Release|Any CPU.Build.0 = Release|Any CPU
		{05FFF179-C044-64F7-3105-A1D988BF58CF}.Debug|Any CPU.ActiveCfg = Debug|Any CPU
		{05FFF179-C044-64F7-3105-A1D988BF58CF}.Debug|Any CPU.Build.0 = Debug|Any CPU
		{05FFF179-C044-64F7-3105-A1D988BF58CF}.Release|Any CPU.ActiveCfg = Release|Any CPU
		{05FFF179-C044-64F7-3105-A1D988BF58CF}.Release|Any CPU.Build.0 = Release|Any CPU
		{6A10427E-E514-2C23-7F85-967EAE95157D}.Debug|Any CPU.ActiveCfg = Debug|Any CPU
		{6A10427E-E514-2C23-7F85-967EAE95157D}.Debug|Any CPU.Build.0 = Debug|Any CPU
		{6A10427E-E514-2C23-7F85-967EAE95157D}.Release|Any CPU.ActiveCfg = Release|Any CPU
		{6A10427E-E514-2C23-7F85-967EAE95157D}.Release|Any CPU.Build.0 = Release|Any CPU
		{DD9562C7-F298-08AF-DA8E-2AE1523B1CF1}.Debug|Any CPU.ActiveCfg = Debug|Any CPU
		{DD9562C7-F298-08AF-DA8E-2AE1523B1CF1}.Debug|Any CPU.Build.0 = Debug|Any CPU
		{DD9562C7-F298-08AF-DA8E-2AE1523B1CF1}.Release|Any CPU.ActiveCfg = Release|Any CPU
		{DD9562C7-F298-08AF-DA8E-2AE1523B1CF1}.Release|Any CPU.Build.0 = Release|Any CPU
		{8A1B7C69-BC75-3D7E-8EC3-EB78B4BDFEB5}.Debug|Any CPU.ActiveCfg = Debug|Any CPU
		{8A1B7C69-BC75-3D7E-8EC3-EB78B4BDFEB5}.Debug|Any CPU.Build.0 = Debug|Any CPU
		{8A1B7C69-BC75-3D7E-8EC3-EB78B4BDFEB5}.Release|Any CPU.ActiveCfg = Release|Any CPU
		{8A1B7C69-BC75-3D7E-8EC3-EB78B4BDFEB5}.Release|Any CPU.Build.0 = Release|Any CPU
	EndGlobalSection
	GlobalSection(SolutionProperties) = preSolution
		HideSolutionNode = FALSE
	EndGlobalSection
																																																					GlobalSection(MonoDevelopProperties) = preSolution
		StartupItem = Assembly-CSharp.csproj
		Policies = $0
		$0.TextStylePolicy = $1
		$1.inheritsSet = null
		$1.scope = text/x-csharp
		$0.CSharpFormattingPolicy = $2
		$2.inheritsSet = Mono
		$2.inheritsScope = text/x-csharp
		$2.scope = text/x-csharp
		$0.TextStylePolicy = $3
		$3.FileWidth = 120
		$3.TabWidth = 4
		$3.EolMarker = Unix
		$3.inheritsSet = Mono
		$3.inheritsScope = text/plain
		$3.scope = text/plain
	EndGlobalSection

EndGlobal
